
Microsoft Visual Studio Solution File, Format Version 12.00
# Visual Studio Version 17
VisualStudioVersion = 17.0.31903.59
MinimumVisualStudioVersion = 10.0.40219.1
Project("{2150E333-8FDC-42A3-9474-1A3956D46DE8}") = "Api", "Api", "{81034408-37C8-1011-444E-4C15C2FADA8E}"
EndProject
Project("{FAE04EC0-301F-11D3-BF4B-00C04F79EFBC}") = "GesFer.Api", "Api\GesFer.Api.csproj", "{3A317BB5-6EDE-4BE2-9D90-5FAEA4186F71}"
EndProject
Project("{2150E333-8FDC-42A3-9474-1A3956D46DE8}") = "application", "application", "{22BAF98C-8415-17C4-B26A-D537657BC863}"
EndProject
Project("{FAE04EC0-301F-11D3-BF4B-00C04F79EFBC}") = "GesFer.Application", "application\GesFer.Application.csproj", "{7122E8E0-2B71-4BD5-A6AD-BC26E12AE9E4}"
EndProject
Project("{2150E333-8FDC-42A3-9474-1A3956D46DE8}") = "Infrastructure", "Infrastructure", "{9048EB7F-3875-A59E-E36B-5BD4C6F2A282}"
EndProject
Project("{FAE04EC0-301F-11D3-BF4B-00C04F79EFBC}") = "GesFer.Infrastructure", "Infrastructure\GesFer.Infrastructure.csproj", "{27B0F397-D8F3-4C00-81B8-2AC66FEA8FAE}"
EndProject
Project("{2150E333-8FDC-42A3-9474-1A3956D46DE8}") = "domain", "domain", "{8B290487-4C16-E85E-E807-F579CBE9FC4D}"
EndProject
Project("{FAE04EC0-301F-11D3-BF4B-00C04F79EFBC}") = "GesFer.Domain", "domain\GesFer.Domain.csproj", "{6D93F195-AB7B-4DB7-98C4-2898286372CF}"
EndProject
Project("{2150E333-8FDC-42A3-9474-1A3956D46DE8}") = "IntegrationTests", "IntegrationTests", "{7D34DBFB-C4F8-474C-F6E0-5117905D81D0}"
EndProject
Project("{FAE04EC0-301F-11D3-BF4B-00C04F79EFBC}") = "GesFer.IntegrationTests", "IntegrationTests\GesFer.IntegrationTests.csproj", "{699080CB-41D3-4CB0-8035-B99307958C5B}"
EndProject
Project("{2150E333-8FDC-42A3-9474-1A3956D46DE8}") = "Elementos de la soluciÃ³n", "Elementos de la soluciÃ³n", "{D107F4C8-89CC-BEA8-D3D7-CA6B7733353D}"
	ProjectSection(SolutionItems) = preProject
		docker-compose.yml = docker-compose.yml
		DOCKER-SETUP.md = DOCKER-SETUP.md
		docker-start.ps1 = docker-start.ps1
		docker-stop.ps1 = docker-stop.ps1
	EndProjectSection
EndProject
Project("{FAE04EC0-301F-11D3-BF4B-00C04F79EFBC}") = "GesFer.Shared.Back.Domain", "..\..\Shared\Back\GesFer.Shared.Back.Domain.csproj", "{F85FD985-5835-0669-3C59-05EB2AD309E6}"
EndProject
Global
	GlobalSection(SolutionConfigurationPlatforms) = preSolution
		Debug|Any CPU = Debug|Any CPU
		Debug|x64 = Debug|x64
		Debug|x86 = Debug|x86
		Release|Any CPU = Release|Any CPU
		Release|x64 = Release|x64
		Release|x86 = Release|x86
	EndGlobalSection
	GlobalSection(ProjectConfigurationPlatforms) = postSolution
		{3A317BB5-6EDE-4BE2-9D90-5FAEA4186F71}.Debug|Any CPU.ActiveCfg = Debug|Any CPU
		{3A317BB5-6EDE-4BE2-9D90-5FAEA4186F71}.Debug|Any CPU.Build.0 = Debug|Any CPU
		{3A317BB5-6EDE-4BE2-9D90-5FAEA4186F71}.Debug|x64.ActiveCfg = Debug|Any CPU
		{3A317BB5-6EDE-4BE2-9D90-5FAEA4186F71}.Debug|x64.Build.0 = Debug|Any CPU
		{3A317BB5-6EDE-4BE2-9D90-5FAEA4186F71}.Debug|x86.ActiveCfg = Debug|Any CPU
		{3A317BB5-6EDE-4BE2-9D90-5FAEA4186F71}.Debug|x86.Build.0 = Debug|Any CPU
		{3A317BB5-6EDE-4BE2-9D90-5FAEA4186F71}.Release|Any CPU.ActiveCfg = Release|Any CPU
		{3A317BB5-6EDE-4BE2-9D90-5FAEA4186F71}.Release|Any CPU.Build.0 = Release|Any CPU
		{3A317BB5-6EDE-4BE2-9D90-5FAEA4186F71}.Release|x64.ActiveCfg = Release|Any CPU
		{3A317BB5-6EDE-4BE2-9D90-5FAEA4186F71}.Release|x64.Build.0 = Release|Any CPU
		{3A317BB5-6EDE-4BE2-9D90-5FAEA4186F71}.Release|x86.ActiveCfg = Release|Any CPU
		{3A317BB5-6EDE-4BE2-9D90-5FAEA4186F71}.Release|x86.Build.0 = Release|Any CPU
		{7122E8E0-2B71-4BD5-A6AD-BC26E12AE9E4}.Debug|Any CPU.ActiveCfg = Debug|Any CPU
		{7122E8E0-2B71-4BD5-A6AD-BC26E12AE9E4}.Debug|Any CPU.Build.0 = Debug|Any CPU
		{7122E8E0-2B71-4BD5-A6AD-BC26E12AE9E4}.Debug|x64.ActiveCfg = Debug|Any CPU
		{7122E8E0-2B71-4BD5-A6AD-BC26E12AE9E4}.Debug|x64.Build.0 = Debug|Any CPU
		{7122E8E0-2B71-4BD5-A6AD-BC26E12AE9E4}.Debug|x86.ActiveCfg = Debug|Any CPU
		{7122E8E0-2B71-4BD5-A6AD-BC26E12AE9E4}.Debug|x86.Build.0 = Debug|Any CPU
		{7122E8E0-2B71-4BD5-A6AD-BC26E12AE9E4}.Release|Any CPU.ActiveCfg = Release|Any CPU
		{7122E8E0-2B71-4BD5-A6AD-BC26E12AE9E4}.Release|Any CPU.Build.0 = Release|Any CPU
		{7122E8E0-2B71-4BD5-A6AD-BC26E12AE9E4}.Release|x64.ActiveCfg = Release|Any CPU
		{7122E8E0-2B71-4BD5-A6AD-BC26E12AE9E4}.Release|x64.Build.0 = Release|Any CPU
		{7122E8E0-2B71-4BD5-A6AD-BC26E12AE9E4}.Release|x86.ActiveCfg = Release|Any CPU
		{7122E8E0-2B71-4BD5-A6AD-BC26E12AE9E4}.Release|x86.Build.0 = Release|Any CPU
		{27B0F397-D8F3-4C00-81B8-2AC66FEA8FAE}.Debug|Any CPU.ActiveCfg = Debug|Any CPU
		{27B0F397-D8F3-4C00-81B8-2AC66FEA8FAE}.Debug|Any CPU.Build.0 = Debug|Any CPU
		{27B0F397-D8F3-4C00-81B8-2AC66FEA8FAE}.Debug|x64.ActiveCfg = Debug|Any CPU
		{27B0F397-D8F3-4C00-81B8-2AC66FEA8FAE}.Debug|x64.Build.0 = Debug|Any CPU
		{27B0F397-D8F3-4C00-81B8-2AC66FEA8FAE}.Debug|x86.ActiveCfg = Debug|Any CPU
		{27B0F397-D8F3-4C00-81B8-2AC66FEA8FAE}.Debug|x86.Build.0 = Debug|Any CPU
		{27B0F397-D8F3-4C00-81B8-2AC66FEA8FAE}.Release|Any CPU.ActiveCfg = Release|Any CPU
		{27B0F397-D8F3-4C00-81B8-2AC66FEA8FAE}.Release|Any CPU.Build.0 = Release|Any CPU
		{27B0F397-D8F3-4C00-81B8-2AC66FEA8FAE}.Release|x64.ActiveCfg = Release|Any CPU
		{27B0F397-D8F3-4C00-81B8-2AC66FEA8FAE}.Release|x64.Build.0 = Release|Any CPU
		{27B0F397-D8F3-4C00-81B8-2AC66FEA8FAE}.Release|x86.ActiveCfg = Release|Any CPU
		{27B0F397-D8F3-4C00-81B8-2AC66FEA8FAE}.Release|x86.Build.0 = Release|Any CPU
		{6D93F195-AB7B-4DB7-98C4-2898286372CF}.Debug|Any CPU.ActiveCfg = Debug|Any CPU
		{6D93F195-AB7B-4DB7-98C4-2898286372CF}.Debug|Any CPU.Build.0 = Debug|Any CPU
		{6D93F195-AB7B-4DB7-98C4-2898286372CF}.Debug|x64.ActiveCfg = Debug|Any CPU
		{6D93F195-AB7B-4DB7-98C4-2898286372CF}.Debug|x64.Build.0 = Debug|Any CPU
		{6D93F195-AB7B-4DB7-98C4-2898286372CF}.Debug|x86.ActiveCfg = Debug|Any CPU
		{6D93F195-AB7B-4DB7-98C4-2898286372CF}.Debug|x86.Build.0 = Debug|Any CPU
		{6D93F195-AB7B-4DB7-98C4-2898286372CF}.Release|Any CPU.ActiveCfg = Release|Any CPU
		{6D93F195-AB7B-4DB7-98C4-2898286372CF}.Release|Any CPU.Build.0 = Release|Any CPU
		{6D93F195-AB7B-4DB7-98C4-2898286372CF}.Release|x64.ActiveCfg = Release|Any CPU
		{6D93F195-AB7B-4DB7-98C4-2898286372CF}.Release|x64.Build.0 = Release|Any CPU
		{6D93F195-AB7B-4DB7-98C4-2898286372CF}.Release|x86.ActiveCfg = Release|Any CPU
		{6D93F195-AB7B-4DB7-98C4-2898286372CF}.Release|x86.Build.0 = Release|Any CPU
		{699080CB-41D3-4CB0-8035-B99307958C5B}.Debug|Any CPU.ActiveCfg = Debug|Any CPU
		{699080CB-41D3-4CB0-8035-B99307958C5B}.Debug|Any CPU.Build.0 = Debug|Any CPU
		{699080CB-41D3-4CB0-8035-B99307958C5B}.Debug|x64.ActiveCfg = Debug|Any CPU
		{699080CB-41D3-4CB0-8035-B99307958C5B}.Debug|x64.Build.0 = Debug|Any CPU
		{699080CB-41D3-4CB0-8035-B99307958C5B}.Debug|x86.ActiveCfg = Debug|Any CPU
		{699080CB-41D3-4CB0-8035-B99307958C5B}.Debug|x86.Build.0 = Debug|Any CPU
		{699080CB-41D3-4CB0-8035-B99307958C5B}.Release|Any CPU.ActiveCfg = Release|Any CPU
		{699080CB-41D3-4CB0-8035-B99307958C5B}.Release|Any CPU.Build.0 = Release|Any CPU
		{699080CB-41D3-4CB0-8035-B99307958C5B}.Release|x64.ActiveCfg = Release|Any CPU
		{699080CB-41D3-4CB0-8035-B99307958C5B}.Release|x64.Build.0 = Release|Any CPU
		{699080CB-41D3-4CB0-8035-B99307958C5B}.Release|x86.ActiveCfg = Release|Any CPU
		{699080CB-41D3-4CB0-8035-B99307958C5B}.Release|x86.Build.0 = Release|Any CPU
		{F85FD985-5835-0669-3C59-05EB2AD309E6}.Debug|Any CPU.ActiveCfg = Debug|Any CPU
		{F85FD985-5835-0669-3C59-05EB2AD309E6}.Debug|Any CPU.Build.0 = Debug|Any CPU
		{F85FD985-5835-0669-3C59-05EB2AD309E6}.Debug|x64.ActiveCfg = Debug|Any CPU
		{F85FD985-5835-0669-3C59-05EB2AD309E6}.Debug|x64.Build.0 = Debug|Any CPU
		{F85FD985-5835-0669-3C59-05EB2AD309E6}.Debug|x86.ActiveCfg = Debug|Any CPU
		{F85FD985-5835-0669-3C59-05EB2AD309E6}.Debug|x86.Build.0 = Debug|Any CPU
		{F85FD985-5835-0669-3C59-05EB2AD309E6}.Release|Any CPU.ActiveCfg = Release|Any CPU
		{F85FD985-5835-0669-3C59-05EB2AD309E6}.Release|Any CPU.Build.0 = Release|Any CPU
		{F85FD985-5835-0669-3C59-05EB2AD309E6}.Release|x64.ActiveCfg = Release|Any CPU
		{F85FD985-5835-0669-3C59-05EB2AD309E6}.Release|x64.Build.0 = Release|Any CPU
		{F85FD985-5835-0669-3C59-05EB2AD309E6}.Release|x86.ActiveCfg = Release|Any CPU
		{F85FD985-5835-0669-3C59-05EB2AD309E6}.Release|x86.Build.0 = Release|Any CPU
	EndGlobalSection
	GlobalSection(SolutionProperties) = preSolution
		HideSolutionNode = FALSE
	EndGlobalSection
	GlobalSection(NestedProjects) = preSolution
		{3A317BB5-6EDE-4BE2-9D90-5FAEA4186F71} = {81034408-37C8-1011-444E-4C15C2FADA8E}
		{7122E8E0-2B71-4BD5-A6AD-BC26E12AE9E4} = {22BAF98C-8415-17C4-B26A-D537657BC863}
		{27B0F397-D8F3-4C00-81B8-2AC66FEA8FAE} = {9048EB7F-3875-A59E-E36B-5BD4C6F2A282}
		{6D93F195-AB7B-4DB7-98C4-2898286372CF} = {8B290487-4C16-E85E-E807-F579CBE9FC4D}
		{699080CB-41D3-4CB0-8035-B99307958C5B} = {7D34DBFB-C4F8-474C-F6E0-5117905D81D0}
	EndGlobalSection
	GlobalSection(ExtensibilityGlobals) = postSolution
		SolutionGuid = {91CC289C-1080-451D-B9DD-847A632BF601}
	EndGlobalSection
EndGlobal
